// !$*UTF8*$!
{
	archiveVersion = 1;
	classes = {
	};
	objectVersion = 50;
	objects = {

/* Begin PBXBuildFile section */
		562FF3A523A153200082E505 /* AppDelegate.swift in Sources */ = {isa = PBXBuildFile; fileRef = 562FF3A423A153200082E505 /* AppDelegate.swift */; };
		562FF3A723A153200082E505 /* ViewController.swift in Sources */ = {isa = PBXBuildFile; fileRef = 562FF3A623A153200082E505 /* ViewController.swift */; };
		562FF3AA23A153200082E505 /* Main.storyboard in Resources */ = {isa = PBXBuildFile; fileRef = 562FF3A823A153200082E505 /* Main.storyboard */; };
		562FF3AC23A153220082E505 /* Assets.xcassets in Resources */ = {isa = PBXBuildFile; fileRef = 562FF3AB23A153220082E505 /* Assets.xcassets */; };
		562FF3AF23A153220082E505 /* LaunchScreen.storyboard in Resources */ = {isa = PBXBuildFile; fileRef = 562FF3AD23A153220082E505 /* LaunchScreen.storyboard */; };
		562FF3BA23A153220082E505 /* IOSSampleAppUITests.swift in Sources */ = {isa = PBXBuildFile; fileRef = 562FF3B923A153220082E505 /* IOSSampleAppUITests.swift */; };
/* End PBXBuildFile section */

/* Begin PBXContainerItemProxy section */
		562FF3B623A153220082E505 /* PBXContainerItemProxy */ = {
			isa = PBXContainerItemProxy;
			containerPortal = 562FF39923A153200082E505 /* Project object */;
			proxyType = 1;
			remoteGlobalIDString = 562FF3A023A153200082E505;
			remoteInfo = IOSSampleApp;
		};
/* End PBXContainerItemProxy section */

/* Begin PBXFileReference section */
		562FF3A123A153200082E505 /* IOSSampleApp.app */ = {isa = PBXFileReference; explicitFileType = wrapper.application; includeInIndex = 0; path = IOSSampleApp.app; sourceTree = BUILT_PRODUCTS_DIR; };
		562FF3A423A153200082E505 /* AppDelegate.swift */ = {isa = PBXFileReference; lastKnownFileType = sourcecode.swift; path = AppDelegate.swift; sourceTree = "<group>"; };
		562FF3A623A153200082E505 /* ViewController.swift */ = {isa = PBXFileReference; lastKnownFileType = sourcecode.swift; path = ViewController.swift; sourceTree = "<group>"; };
		562FF3A923A153200082E505 /* Base */ = {isa = PBXFileReference; lastKnownFileType = file.storyboard; name = Base; path = Base.lproj/Main.storyboard; sourceTree = "<group>"; };
		562FF3AB23A153220082E505 /* Assets.xcassets */ = {isa = PBXFileReference; lastKnownFileType = folder.assetcatalog; path = Assets.xcassets; sourceTree = "<group>"; };
		562FF3AE23A153220082E505 /* Base */ = {isa = PBXFileReference; lastKnownFileType = file.storyboard; name = Base; path = Base.lproj/LaunchScreen.storyboard; sourceTree = "<group>"; };
		562FF3B023A153220082E505 /* Info.plist */ = {isa = PBXFileReference; lastKnownFileType = text.plist.xml; path = Info.plist; sourceTree = "<group>"; };
		562FF3B523A153220082E505 /* IOSSampleAppUITests.xctest */ = {isa = PBXFileReference; explicitFileType = wrapper.cfbundle; includeInIndex = 0; path = IOSSampleAppUITests.xctest; sourceTree = BUILT_PRODUCTS_DIR; };
		562FF3B923A153220082E505 /* IOSSampleAppUITests.swift */ = {isa = PBXFileReference; lastKnownFileType = sourcecode.swift; path = IOSSampleAppUITests.swift; sourceTree = "<group>"; };
		562FF3BB23A153220082E505 /* Info.plist */ = {isa = PBXFileReference; lastKnownFileType = text.plist.xml; path = Info.plist; sourceTree = "<group>"; };
/* End PBXFileReference section */

/* Begin PBXFrameworksBuildPhase section */
		562FF39E23A153200082E505 /* Frameworks */ = {
			isa = PBXFrameworksBuildPhase;
			buildActionMask = 2147483647;
			files = (
			);
			runOnlyForDeploymentPostprocessing = 0;
		};
		562FF3B223A153220082E505 /* Frameworks */ = {
			isa = PBXFrameworksBuildPhase;
			buildActionMask = 2147483647;
			files = (
			);
			runOnlyForDeploymentPostprocessing = 0;
		};
/* End PBXFrameworksBuildPhase section */

/* Begin PBXGroup section */
		562FF39823A153200082E505 = {
			isa = PBXGroup;
			children = (
				562FF3A323A153200082E505 /* IOSSampleApp */,
				562FF3B823A153220082E505 /* IOSSampleAppUITests */,
				562FF3A223A153200082E505 /* Products */,
			);
			sourceTree = "<group>";
		};
		562FF3A223A153200082E505 /* Products */ = {
			isa = PBXGroup;
			children = (
				562FF3A123A153200082E505 /* IOSSampleApp.app */,
				562FF3B523A153220082E505 /* IOSSampleAppUITests.xctest */,
			);
			name = Products;
			sourceTree = "<group>";
		};
		562FF3A323A153200082E505 /* IOSSampleApp */ = {
			isa = PBXGroup;
			children = (
				562FF3A423A153200082E505 /* AppDelegate.swift */,
				562FF3A623A153200082E505 /* ViewController.swift */,
				562FF3A823A153200082E505 /* Main.storyboard */,
				562FF3AB23A153220082E505 /* Assets.xcassets */,
				562FF3AD23A153220082E505 /* LaunchScreen.storyboard */,
				562FF3B023A153220082E505 /* Info.plist */,
			);
			path = IOSSampleApp;
			sourceTree = "<group>";
		};
		562FF3B823A153220082E505 /* IOSSampleAppUITests */ = {
			isa = PBXGroup;
			children = (
				562FF3B923A153220082E505 /* IOSSampleAppUITests.swift */,
				562FF3BB23A153220082E505 /* Info.plist */,
			);
			path = IOSSampleAppUITests;
			sourceTree = "<group>";
		};
/* End PBXGroup section */

/* Begin PBXNativeTarget section */
		562FF3A023A153200082E505 /* IOSSampleApp */ = {
			isa = PBXNativeTarget;
			buildConfigurationList = 562FF3BE23A153220082E505 /* Build configuration list for PBXNativeTarget "IOSSampleApp" */;
			buildPhases = (
				562FF39D23A153200082E505 /* Sources */,
				562FF39E23A153200082E505 /* Frameworks */,
				562FF39F23A153200082E505 /* Resources */,
			);
			buildRules = (
			);
			dependencies = (
			);
			name = IOSSampleApp;
			productName = IOSSampleApp;
			productReference = 562FF3A123A153200082E505 /* IOSSampleApp.app */;
			productType = "com.apple.product-type.application";
		};
		562FF3B423A153220082E505 /* IOSSampleAppUITests */ = {
			isa = PBXNativeTarget;
			buildConfigurationList = 562FF3C123A153220082E505 /* Build configuration list for PBXNativeTarget "IOSSampleAppUITests" */;
			buildPhases = (
				562FF3B123A153220082E505 /* Sources */,
				562FF3B223A153220082E505 /* Frameworks */,
				562FF3B323A153220082E505 /* Resources */,
			);
			buildRules = (
			);
			dependencies = (
				562FF3B723A153220082E505 /* PBXTargetDependency */,
			);
			name = IOSSampleAppUITests;
			productName = IOSSampleAppUITests;
			productReference = 562FF3B523A153220082E505 /* IOSSampleAppUITests.xctest */;
			productType = "com.apple.product-type.bundle.ui-testing";
		};
/* End PBXNativeTarget section */

/* Begin PBXProject section */
		562FF39923A153200082E505 /* Project object */ = {
			isa = PBXProject;
			attributes = {
				LastSwiftUpdateCheck = 1010;
				LastUpgradeCheck = 1010;
				ORGANIZATIONNAME = temporary;
				TargetAttributes = {
					562FF3A023A153200082E505 = {
						CreatedOnToolsVersion = 10.1;
					};
					562FF3B423A153220082E505 = {
						CreatedOnToolsVersion = 10.1;
						TestTargetID = 562FF3A023A153200082E505;
					};
				};
			};
			buildConfigurationList = 562FF39C23A153200082E505 /* Build configuration list for PBXProject "IOSSampleApp" */;
			compatibilityVersion = "Xcode 9.3";
			developmentRegion = en;
			hasScannedForEncodings = 0;
			knownRegions = (
				en,
				Base,
			);
			mainGroup = 562FF39823A153200082E505;
			productRefGroup = 562FF3A223A153200082E505 /* Products */;
			projectDirPath = "";
			projectRoot = "";
			targets = (
				562FF3A023A153200082E505 /* IOSSampleApp */,
				562FF3B423A153220082E505 /* IOSSampleAppUITests */,
			);
		};
/* End PBXProject section */

/* Begin PBXResourcesBuildPhase section */
		562FF39F23A153200082E505 /* Resources */ = {
			isa = PBXResourcesBuildPhase;
			buildActionMask = 2147483647;
			files = (
				562FF3AF23A153220082E505 /* LaunchScreen.storyboard in Resources */,
				562FF3AC23A153220082E505 /* Assets.xcassets in Resources */,
				562FF3AA23A153200082E505 /* Main.storyboard in Resources */,
			);
			runOnlyForDeploymentPostprocessing = 0;
		};
		562FF3B323A153220082E505 /* Resources */ = {
			isa = PBXResourcesBuildPhase;
			buildActionMask = 2147483647;
			files = (
			);
			runOnlyForDeploymentPostprocessing = 0;
		};
/* End PBXResourcesBuildPhase section */

/* Begin PBXSourcesBuildPhase section */
		562FF39D23A153200082E505 /* Sources */ = {
			isa = PBXSourcesBuildPhase;
			buildActionMask = 2147483647;
			files = (
				562FF3A723A153200082E505 /* ViewController.swift in Sources */,
				562FF3A523A153200082E505 /* AppDelegate.swift in Sources */,
			);
			runOnlyForDeploymentPostprocessing = 0;
		};
		562FF3B123A153220082E505 /* Sources */ = {
			isa = PBXSourcesBuildPhase;
			buildActionMask = 2147483647;
			files = (
				562FF3BA23A153220082E505 /* IOSSampleAppUITests.swift in Sources */,
			);
			runOnlyForDeploymentPostprocessing = 0;
		};
/* End PBXSourcesBuildPhase section */

/* Begin PBXTargetDependency section */
		562FF3B723A153220082E505 /* PBXTargetDependency */ = {
			isa = PBXTargetDependency;
			target = 562FF3A023A153200082E505 /* IOSSampleApp */;
			targetProxy = 562FF3B623A153220082E505 /* PBXContainerItemProxy */;
		};
/* End PBXTargetDependency section */

/* Begin PBXVariantGroup section */
		562FF3A823A153200082E505 /* Main.storyboard */ = {
			isa = PBXVariantGroup;
			children = (
				562FF3A923A153200082E505 /* Base */,
			);
			name = Main.storyboard;
			sourceTree = "<group>";
		};
		562FF3AD23A153220082E505 /* LaunchScreen.storyboard */ = {
			isa = PBXVariantGroup;
			children = (
				562FF3AE23A153220082E505 /* Base */,
			);
			name = LaunchScreen.storyboard;
			sourceTree = "<group>";
		};
/* End PBXVariantGroup section */

/* Begin XCBuildConfiguration section */
		562FF3BC23A153220082E505 /* Debug */ = {
			isa = XCBuildConfiguration;
			buildSettings = {
				ALWAYS_SEARCH_USER_PATHS = NO;
				CLANG_ANALYZER_NONNULL = YES;
				CLANG_ANALYZER_NUMBER_OBJECT_CONVERSION = YES_AGGRESSIVE;
				CLANG_CXX_LANGUAGE_STANDARD = "gnu++14";
				CLANG_CXX_LIBRARY = "libc++";
				CLANG_ENABLE_MODULES = YES;
				CLANG_ENABLE_OBJC_ARC = YES;
				CLANG_ENABLE_OBJC_WEAK = YES;
				CLANG_WARN_BLOCK_CAPTURE_AUTORELEASING = YES;
				CLANG_WARN_BOOL_CONVERSION = YES;
				CLANG_WARN_COMMA = YES;
				CLANG_WARN_CONSTANT_CONVERSION = YES;
				CLANG_WARN_DEPRECATED_OBJC_IMPLEMENTATIONS = YES;
				CLANG_WARN_DIRECT_OBJC_ISA_USAGE = YES_ERROR;
				CLANG_WARN_DOCUMENTATION_COMMENTS = YES;
				CLANG_WARN_EMPTY_BODY = YES;
				CLANG_WARN_ENUM_CONVERSION = YES;
				CLANG_WARN_INFINITE_RECURSION = YES;
				CLANG_WARN_INT_CONVERSION = YES;
				CLANG_WARN_NON_LITERAL_NULL_CONVERSION = YES;
				CLANG_WARN_OBJC_IMPLICIT_RETAIN_SELF = YES;
				CLANG_WARN_OBJC_LITERAL_CONVERSION = YES;
				CLANG_WARN_OBJC_ROOT_CLASS = YES_ERROR;
				CLANG_WARN_RANGE_LOOP_ANALYSIS = YES;
				CLANG_WARN_STRICT_PROTOTYPES = YES;
				CLANG_WARN_SUSPICIOUS_MOVE = YES;
				CLANG_WARN_UNGUARDED_AVAILABILITY = YES_AGGRESSIVE;
				CLANG_WARN_UNREACHABLE_CODE = YES;
				CLANG_WARN__DUPLICATE_METHOD_MATCH = YES;
				CODE_SIGN_IDENTITY = "iPhone Developer";
				COPY_PHASE_STRIP = NO;
				DEBUG_INFORMATION_FORMAT = dwarf;
				ENABLE_STRICT_OBJC_MSGSEND = YES;
				ENABLE_TESTABILITY = YES;
				GCC_C_LANGUAGE_STANDARD = gnu11;
				GCC_DYNAMIC_NO_PIC = NO;
				GCC_NO_COMMON_BLOCKS = YES;
				GCC_OPTIMIZATION_LEVEL = 0;
				GCC_PREPROCESSOR_DEFINITIONS = (
					"DEBUG=1",
					"$(inherited)",
				);
				GCC_WARN_64_TO_32_BIT_CONVERSION = YES;
				GCC_WARN_ABOUT_RETURN_TYPE = YES_ERROR;
				GCC_WARN_UNDECLARED_SELECTOR = YES;
				GCC_WARN_UNINITIALIZED_AUTOS = YES_AGGRESSIVE;
				GCC_WARN_UNUSED_FUNCTION = YES;
				GCC_WARN_UNUSED_VARIABLE = YES;
				IPHONEOS_DEPLOYMENT_TARGET = 12.1;
				MTL_ENABLE_DEBUG_INFO = INCLUDE_SOURCE;
				MTL_FAST_MATH = YES;
				ONLY_ACTIVE_ARCH = YES;
				SDKROOT = iphoneos;
				SWIFT_ACTIVE_COMPILATION_CONDITIONS = DEBUG;
				SWIFT_OPTIMIZATION_LEVEL = "-Onone";
			};
			name = Debug;
		};
		562FF3BD23A153220082E505 /* Release */ = {
			isa = XCBuildConfiguration;
			buildSettings = {
				ALWAYS_SEARCH_USER_PATHS = NO;
				CLANG_ANALYZER_NONNULL = YES;
				CLANG_ANALYZER_NUMBER_OBJECT_CONVERSION = YES_AGGRESSIVE;
				CLANG_CXX_LANGUAGE_STANDARD = "gnu++14";
				CLANG_CXX_LIBRARY = "libc++";
				CLANG_ENABLE_MODULES = YES;
				CLANG_ENABLE_OBJC_ARC = YES;
				CLANG_ENABLE_OBJC_WEAK = YES;
				CLANG_WARN_BLOCK_CAPTURE_AUTORELEASING = YES;
				CLANG_WARN_BOOL_CONVERSION = YES;
				CLANG_WARN_COMMA = YES;
				CLANG_WARN_CONSTANT_CONVERSION = YES;
				CLANG_WARN_DEPRECATED_OBJC_IMPLEMENTATIONS = YES;
				CLANG_WARN_DIRECT_OBJC_ISA_USAGE = YES_ERROR;
				CLANG_WARN_DOCUMENTATION_COMMENTS = YES;
				CLANG_WARN_EMPTY_BODY = YES;
				CLANG_WARN_ENUM_CONVERSION = YES;
				CLANG_WARN_INFINITE_RECURSION = YES;
				CLANG_WARN_INT_CONVERSION = YES;
				CLANG_WARN_NON_LITERAL_NULL_CONVERSION = YES;
				CLANG_WARN_OBJC_IMPLICIT_RETAIN_SELF = YES;
				CLANG_WARN_OBJC_LITERAL_CONVERSION = YES;
				CLANG_WARN_OBJC_ROOT_CLASS = YES_ERROR;
				CLANG_WARN_RANGE_LOOP_ANALYSIS = YES;
				CLANG_WARN_STRICT_PROTOTYPES = YES;
				CLANG_WARN_SUSPICIOUS_MOVE = YES;
				CLANG_WARN_UNGUARDED_AVAILABILITY = YES_AGGRESSIVE;
				CLANG_WARN_UNREACHABLE_CODE = YES;
				CLANG_WARN__DUPLICATE_METHOD_MATCH = YES;
				CODE_SIGN_IDENTITY = "iPhone Developer";
				COPY_PHASE_STRIP = NO;
				DEBUG_INFORMATION_FORMAT = "dwarf-with-dsym";
				ENABLE_NS_ASSERTIONS = NO;
				ENABLE_STRICT_OBJC_MSGSEND = YES;
				GCC_C_LANGUAGE_STANDARD = gnu11;
				GCC_NO_COMMON_BLOCKS = YES;
				GCC_WARN_64_TO_32_BIT_CONVERSION = YES;
				GCC_WARN_ABOUT_RETURN_TYPE = YES_ERROR;
				GCC_WARN_UNDECLARED_SELECTOR = YES;
				GCC_WARN_UNINITIALIZED_AUTOS = YES_AGGRESSIVE;
				GCC_WARN_UNUSED_FUNCTION = YES;
				GCC_WARN_UNUSED_VARIABLE = YES;
				IPHONEOS_DEPLOYMENT_TARGET = 12.1;
				MTL_ENABLE_DEBUG_INFO = NO;
				MTL_FAST_MATH = YES;
				SDKROOT = iphoneos;
				SWIFT_COMPILATION_MODE = wholemodule;
				SWIFT_OPTIMIZATION_LEVEL = "-O";
				VALIDATE_PRODUCT = YES;
			};
			name = Release;
		};
		562FF3BF23A153220082E505 /* Debug */ = {
			isa = XCBuildConfiguration;
			buildSettings = {
				ASSETCATALOG_COMPILER_APPICON_NAME = AppIcon;
				CODE_SIGN_STYLE = Automatic;
				DEVELOPMENT_TEAM = RDZ5VY63S7;
				INFOPLIST_FILE = IOSSampleApp/Info.plist;
				LD_RUNPATH_SEARCH_PATHS = (
					"$(inherited)",
					"@executable_path/Frameworks",
				);
				PRODUCT_BUNDLE_IDENTIFIER = "com.-temporary.IOSSampleApp";
				PRODUCT_NAME = "$(TARGET_NAME)";
				SWIFT_VERSION = 4.2;
				TARGETED_DEVICE_FAMILY = "1,2";
			};
			name = Debug;
		};
		562FF3C023A153220082E505 /* Release */ = {
			isa = XCBuildConfiguration;
			buildSettings = {
				ASSETCATALOG_COMPILER_APPICON_NAME = AppIcon;
				CODE_SIGN_STYLE = Automatic;
				DEVELOPMENT_TEAM = RDZ5VY63S7;
				INFOPLIST_FILE = IOSSampleApp/Info.plist;
				LD_RUNPATH_SEARCH_PATHS = (
					"$(inherited)",
					"@executable_path/Frameworks",
				);
				PRODUCT_BUNDLE_IDENTIFIER = "com.-temporary.IOSSampleApp";
				PRODUCT_NAME = "$(TARGET_NAME)";
				SWIFT_VERSION = 4.2;
				TARGETED_DEVICE_FAMILY = "1,2";
			};
			name = Release;
		};
		562FF3C223A153220082E505 /* Debug */ = {
			isa = XCBuildConfiguration;
			buildSettings = {
				ALWAYS_EMBED_SWIFT_STANDARD_LIBRARIES = YES;
				CODE_SIGN_STYLE = Automatic;
				DEVELOPMENT_TEAM = RDZ5VY63S7;
				INFOPLIST_FILE = IOSSampleAppUITests/Info.plist;
				LD_RUNPATH_SEARCH_PATHS = (
					"$(inherited)",
					"@executable_path/Frameworks",
					"@loader_path/Frameworks",
				);
				PRODUCT_BUNDLE_IDENTIFIER = "com.-temporary.IOSSampleAppUITests";
				PRODUCT_NAME = "$(TARGET_NAME)";
				SWIFT_VERSION = 4.2;
				TARGETED_DEVICE_FAMILY = "1,2";
				TEST_TARGET_NAME = IOSSampleApp;
			};
			name = Debug;
		};
		562FF3C323A153220082E505 /* Release */ = {
			isa = XCBuildConfiguration;
			buildSettings = {
				ALWAYS_EMBED_SWIFT_STANDARD_LIBRARIES = YES;
				CODE_SIGN_STYLE = Automatic;
				DEVELOPMENT_TEAM = RDZ5VY63S7;
				INFOPLIST_FILE = IOSSampleAppUITests/Info.plist;
				LD_RUNPATH_SEARCH_PATHS = (
					"$(inherited)",
					"@executable_path/Frameworks",
					"@loader_path/Frameworks",
				);
				PRODUCT_BUNDLE_IDENTIFIER = "com.-temporary.IOSSampleAppUITests";
				PRODUCT_NAME = "$(TARGET_NAME)";
				SWIFT_VERSION = 4.2;
				TARGETED_DEVICE_FAMILY = "1,2";
				TEST_TARGET_NAME = IOSSampleApp;
			};
			name = Release;
		};
/* End XCBuildConfiguration section */

/* Begin XCConfigurationList section */
		562FF39C23A153200082E505 /* Build configuration list for PBXProject "IOSSampleApp" */ = {
			isa = XCConfigurationList;
			buildConfigurations = (
				562FF3BC23A153220082E505 /* Debug */,
				562FF3BD23A153220082E505 /* Release */,
			);
			defaultConfigurationIsVisible = 0;
			defaultConfigurationName = Release;
		};
		562FF3BE23A153220082E505 /* Build configuration list for PBXNativeTarget "IOSSampleApp" */ = {
			isa = XCConfigurationList;
			buildConfigurations = (
				562FF3BF23A153220082E505 /* Debug */,
				562FF3C023A153220082E505 /* Release */,
			);
			defaultConfigurationIsVisible = 0;
			defaultConfigurationName = Release;
		};
		562FF3C123A153220082E505 /* Build configuration list for PBXNativeTarget "IOSSampleAppUITests" */ = {
			isa = XCConfigurationList;
			buildConfigurations = (
				562FF3C223A153220082E505 /* Debug */,
				562FF3C323A153220082E505 /* Release */,
			);
			defaultConfigurationIsVisible = 0;
			defaultConfigurationName = Release;
		};
/* End XCConfigurationList section */
	};
	rootObject = 562FF39923A153200082E505 /* Project object */;
}
